{
  "version": 4,
  "terraform_version": "0.13.5",
  "serial": 35,
  "lineage": "1d41a7f8-79a4-cc50-f3b9-59de67dd261e",
  "outputs": {
    "random_id": {
      "value": "2b70",
      "type": "string"
    }
  },
  "resources": [
    {
      "module": "module.shared_vpc_host",
      "mode": "managed",
      "type": "google_compute_network",
      "name": "this",
      "provider": "provider[\"registry.terraform.io/hashicorp/google\"]",
      "instances": [
        {
          "schema_version": 0,
          "attributes": {
            "auto_create_subnetworks": false,
            "delete_default_routes_on_create": false,
            "description": "",
            "gateway_ipv4": "",
            "id": "projects/hosteproject-784c/global/networks/hosteproject",
            "mtu": 0,
            "name": "hosteproject",
            "project": "hosteproject-784c",
            "routing_mode": "REGIONAL",
            "self_link": "https://www.googleapis.com/compute/v1/projects/hosteproject-784c/global/networks/hosteproject",
            "timeouts": null
          },
          "private": "eyJlMmJmYjczMC1lY2FhLTExZTYtOGY4OC0zNDM2M2JjN2M0YzAiOnsiY3JlYXRlIjoyNDAwMDAwMDAwMDAsImRlbGV0ZSI6MjQwMDAwMDAwMDAwLCJ1cGRhdGUiOjI0MDAwMDAwMDAwMH19",
          "dependencies": [
            "module.shared_vpc_host.google_compute_shared_vpc_host_project.this",
            "module.shared_vpc_host.google_project.this"
          ]
        }
      ]
    },
    {
      "module": "module.shared_vpc_host",
      "mode": "managed",
      "type": "google_compute_shared_vpc_host_project",
      "name": "this",
      "provider": "provider[\"registry.terraform.io/hashicorp/google\"]",
      "instances": [
        {
          "schema_version": 0,
          "attributes": {
            "id": "hosteproject-784c",
            "project": "hosteproject-784c",
            "timeouts": null
          },
          "private": "eyJlMmJmYjczMC1lY2FhLTExZTYtOGY4OC0zNDM2M2JjN2M0YzAiOnsiY3JlYXRlIjoyNDAwMDAwMDAwMDAsImRlbGV0ZSI6MjQwMDAwMDAwMDAwfX0=",
          "dependencies": [
            "module.shared_vpc_host.google_project.this"
          ]
        }
      ]
    },
    {
      "module": "module.shared_vpc_host",
      "mode": "managed",
      "type": "google_compute_subnetwork",
      "name": "standard",
      "provider": "provider[\"registry.terraform.io/hashicorp/google\"]",
      "instances": [
        {
          "index_key": 0,
          "schema_version": 0,
          "attributes": {
            "creation_timestamp": "2021-01-18T13:50:16.609-08:00",
            "description": "",
            "fingerprint": null,
            "gateway_address": "10.0.0.1",
            "id": "projects/hosteproject-784c/regions/europe-west2/subnetworks/firstsubnet",
            "ip_cidr_range": "10.0.0.0/24",
            "log_config": [
              {
                "aggregation_interval": "INTERVAL_5_SEC",
                "filter_expr": "true",
                "flow_sampling": 0.5,
                "metadata": "INCLUDE_ALL_METADATA",
                "metadata_fields": []
              }
            ],
            "name": "firstsubnet",
            "network": "https://www.googleapis.com/compute/v1/projects/hosteproject-784c/global/networks/hosteproject",
            "private_ip_google_access": true,
            "private_ipv6_google_access": "DISABLE_GOOGLE_ACCESS",
            "project": "hosteproject-784c",
            "region": "europe-west2",
            "secondary_ip_range": [],
            "self_link": "https://www.googleapis.com/compute/v1/projects/hosteproject-784c/regions/europe-west2/subnetworks/firstsubnet",
            "timeouts": null
          },
          "private": "eyJlMmJmYjczMC1lY2FhLTExZTYtOGY4OC0zNDM2M2JjN2M0YzAiOnsiY3JlYXRlIjozNjAwMDAwMDAwMDAsImRlbGV0ZSI6MzYwMDAwMDAwMDAwLCJ1cGRhdGUiOjM2MDAwMDAwMDAwMH19",
          "dependencies": [
            "module.shared_vpc_host.google_compute_network.this",
            "module.shared_vpc_host.google_compute_shared_vpc_host_project.this",
            "module.shared_vpc_host.google_project.this"
          ]
        }
      ]
    },
    {
      "module": "module.shared_vpc_host",
      "mode": "managed",
      "type": "google_project",
      "name": "this",
      "provider": "provider[\"registry.terraform.io/hashicorp/google\"]",
      "instances": [
        {
          "schema_version": 1,
          "attributes": {
            "auto_create_network": false,
            "billing_account": "01F636-1959C1-C0E7AB",
            "folder_id": "",
            "id": "projects/hosteproject-784c",
            "labels": {
              "bar": "baz",
              "foo": "bar"
            },
            "name": "hosteproject-784c",
            "number": "1027570125533",
            "org_id": "314705326839",
            "project_id": "hosteproject-784c",
            "skip_delete": null,
            "timeouts": null
          },
          "private": "eyJlMmJmYjczMC1lY2FhLTExZTYtOGY4OC0zNDM2M2JjN2M0YzAiOnsiY3JlYXRlIjo2MDAwMDAwMDAwMDAsImRlbGV0ZSI6NjAwMDAwMDAwMDAwLCJyZWFkIjo2MDAwMDAwMDAwMDAsInVwZGF0ZSI6NjAwMDAwMDAwMDAwfSwic2NoZW1hX3ZlcnNpb24iOiIxIn0=",
          "dependencies": [
            "module.shared_vpc_host.random_id.this"
          ]
        }
      ]
    },
    {
      "module": "module.shared_vpc_host",
      "mode": "managed",
      "type": "google_project_iam_member",
      "name": "shared_networking_custom_iam_bindings",
      "provider": "provider[\"registry.terraform.io/hashicorp/google\"]",
      "instances": [
        {
          "index_key": 0,
          "schema_version": 0,
          "attributes": {
            "condition": [],
            "etag": "BwW5NQiKg44=",
            "id": "hosteproject-784c/roles/browser/serviceaccount:projects-test@testingareaforfun.iam.gserviceaccount.com",
            "member": "serviceAccount:projects-test@testingareaforfun.iam.gserviceaccount.com",
            "project": "hosteproject-784c",
            "role": "roles/browser"
          },
          "private": "bnVsbA==",
          "dependencies": [
            "module.shared_vpc_host.google_project.this"
          ]
        },
        {
          "index_key": 1,
          "schema_version": 0,
          "attributes": {
            "condition": [],
            "etag": "BwW5NQiKg44=",
            "id": "hosteproject-784c/roles/resourcemanager.projectIamAdmin/serviceaccount:projects-test@testingareaforfun.iam.gserviceaccount.com",
            "member": "serviceAccount:projects-test@testingareaforfun.iam.gserviceaccount.com",
            "project": "hosteproject-784c",
            "role": "roles/resourcemanager.projectIamAdmin"
          },
          "private": "bnVsbA==",
          "dependencies": [
            "module.shared_vpc_host.google_project.this"
          ]
        }
      ]
    },
    {
      "module": "module.shared_vpc_host",
      "mode": "managed",
      "type": "random_id",
      "name": "this",
      "provider": "provider[\"registry.terraform.io/hashicorp/random\"]",
      "instances": [
        {
          "schema_version": 0,
          "attributes": {
            "b64_std": "eEw=",
            "b64_url": "eEw",
            "byte_length": 2,
            "dec": "30796",
            "hex": "784c",
            "id": "eEw",
            "keepers": null,
            "prefix": null
          },
          "private": "bnVsbA=="
        }
      ]
    },
    {
      "module": "module.shared_vpc_service",
      "mode": "managed",
      "type": "google_compute_shared_vpc_service_project",
      "name": "service_project",
      "provider": "provider[\"registry.terraform.io/hashicorp/google\"]",
      "instances": [
        {
          "index_key": 0,
          "schema_version": 0,
          "attributes": {
            "host_project": "hosteproject-784c",
            "id": "hosteproject-784c/serviceproject12b70",
            "service_project": "serviceproject12b70",
            "timeouts": null
          },
          "private": "eyJlMmJmYjczMC1lY2FhLTExZTYtOGY4OC0zNDM2M2JjN2M0YzAiOnsiY3JlYXRlIjoyNDAwMDAwMDAwMDAsImRlbGV0ZSI6MjQwMDAwMDAwMDAwfX0=",
          "dependencies": [
            "module.shared_vpc_host.google_compute_network.this",
            "module.shared_vpc_host.google_compute_shared_vpc_host_project.this",
            "module.shared_vpc_host.google_compute_subnetwork.standard",
            "module.shared_vpc_host.google_project.this",
            "module.shared_vpc_host.google_project_iam_member.shared_networking_custom_iam_bindings",
            "module.shared_vpc_host.random_id.this",
            "module.shared_vpc_service.google_project.this"
          ]
        },
        {
          "index_key": 1,
          "schema_version": 0,
          "attributes": {
            "host_project": "hosteproject-784c",
            "id": "hosteproject-784c/serviceproject22b70",
            "service_project": "serviceproject22b70",
            "timeouts": null
          },
          "private": "eyJlMmJmYjczMC1lY2FhLTExZTYtOGY4OC0zNDM2M2JjN2M0YzAiOnsiY3JlYXRlIjoyNDAwMDAwMDAwMDAsImRlbGV0ZSI6MjQwMDAwMDAwMDAwfX0=",
          "dependencies": [
            "module.shared_vpc_host.google_compute_network.this",
            "module.shared_vpc_host.google_compute_shared_vpc_host_project.this",
            "module.shared_vpc_host.google_compute_subnetwork.standard",
            "module.shared_vpc_host.google_project.this",
            "module.shared_vpc_host.google_project_iam_member.shared_networking_custom_iam_bindings",
            "module.shared_vpc_host.random_id.this",
            "module.shared_vpc_service.google_project.this"
          ]
        }
      ]
    },
    {
      "module": "module.shared_vpc_service",
      "mode": "managed",
      "type": "google_project",
      "name": "this",
      "provider": "provider[\"registry.terraform.io/hashicorp/google\"]",
      "instances": [
        {
          "index_key": 0,
          "schema_version": 1,
          "attributes": {
            "auto_create_network": false,
            "billing_account": "01F636-1959C1-C0E7AB",
            "folder_id": "",
            "id": "projects/serviceproject12b70",
            "labels": {
              "bar": "baz",
              "foo": "bar"
            },
            "name": "serviceproject1",
            "number": "330327897913",
            "org_id": "314705326839",
            "project_id": "serviceproject12b70",
            "skip_delete": null,
            "timeouts": null
          },
          "private": "eyJlMmJmYjczMC1lY2FhLTExZTYtOGY4OC0zNDM2M2JjN2M0YzAiOnsiY3JlYXRlIjo2MDAwMDAwMDAwMDAsImRlbGV0ZSI6NjAwMDAwMDAwMDAwLCJyZWFkIjo2MDAwMDAwMDAwMDAsInVwZGF0ZSI6NjAwMDAwMDAwMDAwfSwic2NoZW1hX3ZlcnNpb24iOiIxIn0=",
          "dependencies": [
            "module.shared_vpc_host.google_compute_network.this",
            "module.shared_vpc_host.google_compute_shared_vpc_host_project.this",
            "module.shared_vpc_host.google_compute_subnetwork.standard",
            "module.shared_vpc_host.google_project.this",
            "module.shared_vpc_host.random_id.this",
            "module.shared_vpc_service.random_id.this"
          ]
        },
        {
          "index_key": 1,
          "schema_version": 1,
          "attributes": {
            "auto_create_network": false,
            "billing_account": "01F636-1959C1-C0E7AB",
            "folder_id": "",
            "id": "projects/serviceproject22b70",
            "labels": {
              "bar": "baz",
              "foo": "bar"
            },
            "name": "serviceproject2",
            "number": "304268662152",
            "org_id": "314705326839",
            "project_id": "serviceproject22b70",
            "skip_delete": null,
            "timeouts": null
          },
          "private": "eyJlMmJmYjczMC1lY2FhLTExZTYtOGY4OC0zNDM2M2JjN2M0YzAiOnsiY3JlYXRlIjo2MDAwMDAwMDAwMDAsImRlbGV0ZSI6NjAwMDAwMDAwMDAwLCJyZWFkIjo2MDAwMDAwMDAwMDAsInVwZGF0ZSI6NjAwMDAwMDAwMDAwfSwic2NoZW1hX3ZlcnNpb24iOiIxIn0=",
          "dependencies": [
            "module.shared_vpc_host.google_compute_network.this",
            "module.shared_vpc_host.google_compute_shared_vpc_host_project.this",
            "module.shared_vpc_host.google_compute_subnetwork.standard",
            "module.shared_vpc_host.google_project.this",
            "module.shared_vpc_host.random_id.this",
            "module.shared_vpc_service.random_id.this"
          ]
        }
      ]
    },
    {
      "module": "module.shared_vpc_service",
      "mode": "managed",
      "type": "random_id",
      "name": "this",
      "provider": "provider[\"registry.terraform.io/hashicorp/random\"]",
      "instances": [
        {
          "schema_version": 0,
          "attributes": {
            "b64_std": "K3A=",
            "b64_url": "K3A",
            "byte_length": 2,
            "dec": "11120",
            "hex": "2b70",
            "id": "K3A",
            "keepers": null,
            "prefix": null
          },
          "private": "bnVsbA==",
          "dependencies": [
            "module.shared_vpc_host.google_compute_network.this",
            "module.shared_vpc_host.google_compute_shared_vpc_host_project.this",
            "module.shared_vpc_host.google_compute_subnetwork.standard",
            "module.shared_vpc_host.google_project.this",
            "module.shared_vpc_host.random_id.this"
          ]
        }
      ]
    }
  ]
}
